
Microsoft Visual Studio Solution File, Format Version 12.00
# Visual Studio 14
VisualStudioVersion = 14.0.25420.1
MinimumVisualStudioVersion = 10.0.40219.1
Project("{2150E333-8FDC-42A3-9474-1A3956D46DE8}") = "01.UI", "01.UI", "{961B8974-9E0D-4F15-BAA5-F12E596CEF48}"
EndProject
Project("{2150E333-8FDC-42A3-9474-1A3956D46DE8}") = "02.Controllers", "02.Controllers", "{F5553081-4E2E-46E3-892C-CF3B47275E76}"
EndProject
Project("{2150E333-8FDC-42A3-9474-1A3956D46DE8}") = "03.WebApi", "03.WebApi", "{1EC60EB0-240D-4168-A8F2-5FA37167374B}"
EndProject
Project("{2150E333-8FDC-42A3-9474-1A3956D46DE8}") = "04.Bussiness", "04.Bussiness", "{B7FCBF5F-9677-46C3-BA83-79A3105B4013}"
EndProject
Project("{2150E333-8FDC-42A3-9474-1A3956D46DE8}") = "05.Services", "05.Services", "{6FD58B65-AEB0-48B6-9CCD-8EA7EC955DD1}"
EndProject
Project("{2150E333-8FDC-42A3-9474-1A3956D46DE8}") = "06.Models", "06.Models", "{15F6FBF5-61E2-432E-88D0-71D964A9C99C}"
EndProject
Project("{2150E333-8FDC-42A3-9474-1A3956D46DE8}") = "07.Aop", "07.Aop", "{57751D1B-C26C-4A5D-9D7A-6CF278EE34BF}"
EndProject
Project("{2150E333-8FDC-42A3-9474-1A3956D46DE8}") = "08.Redis", "08.Redis", "{634AED7F-73A1-40E9-A57D-AD0C760BB5E2}"
EndProject
Project("{2150E333-8FDC-42A3-9474-1A3956D46DE8}") = "09.Plugs", "09.Plugs", "{7D668196-021A-4E52-9E90-2CF99C618133}"
EndProject
Project("{2150E333-8FDC-42A3-9474-1A3956D46DE8}") = "10.Resources", "10.Resources", "{C465B6EE-AA52-440A-9880-8BB85E19C269}"
EndProject
Project("{FAE04EC0-301F-11D3-BF4B-00C04F79EFBC}") = "Telecom.TourismControllers", "Telecom.TourismControllers\Telecom.TourismControllers.csproj", "{68226807-6C7D-4261-BE21-EF2B079180FB}"
EndProject
Project("{FAE04EC0-301F-11D3-BF4B-00C04F79EFBC}") = "Telecom.TourismUI", "Telecom.TourismUI\Telecom.TourismUI.csproj", "{1D47B470-DFB3-40DB-BD3B-BDEF9872A583}"
EndProject
Project("{FAE04EC0-301F-11D3-BF4B-00C04F79EFBC}") = "Telecom.TourismBussiness", "Telecom.TourismBussiness\Telecom.TourismBussiness.csproj", "{5D7DD1E0-6679-4D28-838F-CC6CF7A51733}"
EndProject
Project("{FAE04EC0-301F-11D3-BF4B-00C04F79EFBC}") = "Telecom.TourismServices", "Telecom.TourismServices\Telecom.TourismServices.csproj", "{244BC6B4-EBB1-4214-9469-23B2B6395E95}"
EndProject
Project("{FAE04EC0-301F-11D3-BF4B-00C04F79EFBC}") = "Telecom.TourismModels", "Telecom.TourismModels\Telecom.TourismModels.csproj", "{42B6F506-52C6-4606-BD97-015ACF4AC047}"
EndProject
Project("{FAE04EC0-301F-11D3-BF4B-00C04F79EFBC}") = "DinJonYa.RedisExchange", "DinJonYa.RedisExchange\DinJonYa.RedisExchange.csproj", "{62EBDA55-D059-4689-A4DF-483986660156}"
EndProject
Project("{FAE04EC0-301F-11D3-BF4B-00C04F79EFBC}") = "DinJonYa.Plugs", "DinJonYa.Plugs\DinJonYa.Plugs.csproj", "{B1FE04FF-A20E-4785-9095-B0D4E8F39FE0}"
EndProject
Project("{FAE04EC0-301F-11D3-BF4B-00C04F79EFBC}") = "Telecom.TourismResources", "Telecom.TourismResources\Telecom.TourismResources.csproj", "{811EDD29-92F5-4BD4-B949-96240707CC90}"
EndProject
Project("{FAE04EC0-301F-11D3-BF4B-00C04F79EFBC}") = "Telecom.TourismWebApi", "Telecom.TourismWebApi\Telecom.TourismWebApi.csproj", "{2ABA8166-B056-4DDC-B3AF-F15353F23E48}"
EndProject
Project("{FAE04EC0-301F-11D3-BF4B-00C04F79EFBC}") = "DinJonYa.Aop", "DinJonYa.Aop\DinJonYa.Aop.csproj", "{7D634126-C01C-4233-94ED-462EDD8AF842}"
EndProject
Project("{2150E333-8FDC-42A3-9474-1A3956D46DE8}") = "00.readMe", "00.readMe", "{100A4DC0-2391-48C9-8B96-28DD6B52108B}"
	ProjectSection(SolutionItems) = preProject
		Project.ReadMe.txt = Project.ReadMe.txt
		Redis.txt = Redis.txt
	EndProjectSection
EndProject
Project("{2150E333-8FDC-42A3-9474-1A3956D46DE8}") = "11.ApiAuthen", "11.ApiAuthen", "{9587E049-720E-4AF7-9027-CFB1720D87B0}"
EndProject
Project("{FAE04EC0-301F-11D3-BF4B-00C04F79EFBC}") = "Tourism.ApiAuthen", "Tourism.ApiAuthen\Tourism.ApiAuthen.csproj", "{725BF4C1-3612-4D5F-A7D6-F8628210209F}"
EndProject
Global
	GlobalSection(SolutionConfigurationPlatforms) = preSolution
		Debug|Any CPU = Debug|Any CPU
		Release|Any CPU = Release|Any CPU
	EndGlobalSection
	GlobalSection(ProjectConfigurationPlatforms) = postSolution
		{68226807-6C7D-4261-BE21-EF2B079180FB}.Debug|Any CPU.ActiveCfg = Debug|Any CPU
		{68226807-6C7D-4261-BE21-EF2B079180FB}.Debug|Any CPU.Build.0 = Debug|Any CPU
		{68226807-6C7D-4261-BE21-EF2B079180FB}.Release|Any CPU.ActiveCfg = Release|Any CPU
		{68226807-6C7D-4261-BE21-EF2B079180FB}.Release|Any CPU.Build.0 = Release|Any CPU
		{1D47B470-DFB3-40DB-BD3B-BDEF9872A583}.Debug|Any CPU.ActiveCfg = Debug|Any CPU
		{1D47B470-DFB3-40DB-BD3B-BDEF9872A583}.Debug|Any CPU.Build.0 = Debug|Any CPU
		{1D47B470-DFB3-40DB-BD3B-BDEF9872A583}.Release|Any CPU.ActiveCfg = Release|Any CPU
		{1D47B470-DFB3-40DB-BD3B-BDEF9872A583}.Release|Any CPU.Build.0 = Release|Any CPU
		{5D7DD1E0-6679-4D28-838F-CC6CF7A51733}.Debug|Any CPU.ActiveCfg = Debug|Any CPU
		{5D7DD1E0-6679-4D28-838F-CC6CF7A51733}.Debug|Any CPU.Build.0 = Debug|Any CPU
		{5D7DD1E0-6679-4D28-838F-CC6CF7A51733}.Release|Any CPU.ActiveCfg = Release|Any CPU
		{5D7DD1E0-6679-4D28-838F-CC6CF7A51733}.Release|Any CPU.Build.0 = Release|Any CPU
		{244BC6B4-EBB1-4214-9469-23B2B6395E95}.Debug|Any CPU.ActiveCfg = Debug|Any CPU
		{244BC6B4-EBB1-4214-9469-23B2B6395E95}.Debug|Any CPU.Build.0 = Debug|Any CPU
		{244BC6B4-EBB1-4214-9469-23B2B6395E95}.Release|Any CPU.ActiveCfg = Release|Any CPU
		{244BC6B4-EBB1-4214-9469-23B2B6395E95}.Release|Any CPU.Build.0 = Release|Any CPU
		{42B6F506-52C6-4606-BD97-015ACF4AC047}.Debug|Any CPU.ActiveCfg = Debug|Any CPU
		{42B6F506-52C6-4606-BD97-015ACF4AC047}.Debug|Any CPU.Build.0 = Debug|Any CPU
		{42B6F506-52C6-4606-BD97-015ACF4AC047}.Release|Any CPU.ActiveCfg = Release|Any CPU
		{42B6F506-52C6-4606-BD97-015ACF4AC047}.Release|Any CPU.Build.0 = Release|Any CPU
		{62EBDA55-D059-4689-A4DF-483986660156}.Debug|Any CPU.ActiveCfg = Debug|Any CPU
		{62EBDA55-D059-4689-A4DF-483986660156}.Debug|Any CPU.Build.0 = Debug|Any CPU
		{62EBDA55-D059-4689-A4DF-483986660156}.Release|Any CPU.ActiveCfg = Release|Any CPU
		{62EBDA55-D059-4689-A4DF-483986660156}.Release|Any CPU.Build.0 = Release|Any CPU
		{B1FE04FF-A20E-4785-9095-B0D4E8F39FE0}.Debug|Any CPU.ActiveCfg = Debug|Any CPU
		{B1FE04FF-A20E-4785-9095-B0D4E8F39FE0}.Debug|Any CPU.Build.0 = Debug|Any CPU
		{B1FE04FF-A20E-4785-9095-B0D4E8F39FE0}.Release|Any CPU.ActiveCfg = Release|Any CPU
		{B1FE04FF-A20E-4785-9095-B0D4E8F39FE0}.Release|Any CPU.Build.0 = Release|Any CPU
		{811EDD29-92F5-4BD4-B949-96240707CC90}.Debug|Any CPU.ActiveCfg = Debug|Any CPU
		{811EDD29-92F5-4BD4-B949-96240707CC90}.Debug|Any CPU.Build.0 = Debug|Any CPU
		{811EDD29-92F5-4BD4-B949-96240707CC90}.Release|Any CPU.ActiveCfg = Release|Any CPU
		{811EDD29-92F5-4BD4-B949-96240707CC90}.Release|Any CPU.Build.0 = Release|Any CPU
		{2ABA8166-B056-4DDC-B3AF-F15353F23E48}.Debug|Any CPU.ActiveCfg = Debug|Any CPU
		{2ABA8166-B056-4DDC-B3AF-F15353F23E48}.Debug|Any CPU.Build.0 = Debug|Any CPU
		{2ABA8166-B056-4DDC-B3AF-F15353F23E48}.Release|Any CPU.ActiveCfg = Release|Any CPU
		{2ABA8166-B056-4DDC-B3AF-F15353F23E48}.Release|Any CPU.Build.0 = Release|Any CPU
		{7D634126-C01C-4233-94ED-462EDD8AF842}.Debug|Any CPU.ActiveCfg = Debug|Any CPU
		{7D634126-C01C-4233-94ED-462EDD8AF842}.Debug|Any CPU.Build.0 = Debug|Any CPU
		{7D634126-C01C-4233-94ED-462EDD8AF842}.Release|Any CPU.ActiveCfg = Release|Any CPU
		{7D634126-C01C-4233-94ED-462EDD8AF842}.Release|Any CPU.Build.0 = Release|Any CPU
		{725BF4C1-3612-4D5F-A7D6-F8628210209F}.Debug|Any CPU.ActiveCfg = Debug|Any CPU
		{725BF4C1-3612-4D5F-A7D6-F8628210209F}.Debug|Any CPU.Build.0 = Debug|Any CPU
		{725BF4C1-3612-4D5F-A7D6-F8628210209F}.Release|Any CPU.ActiveCfg = Release|Any CPU
		{725BF4C1-3612-4D5F-A7D6-F8628210209F}.Release|Any CPU.Build.0 = Release|Any CPU
	EndGlobalSection
	GlobalSection(SolutionProperties) = preSolution
		HideSolutionNode = FALSE
	EndGlobalSection
	GlobalSection(NestedProjects) = preSolution
		{68226807-6C7D-4261-BE21-EF2B079180FB} = {F5553081-4E2E-46E3-892C-CF3B47275E76}
		{1D47B470-DFB3-40DB-BD3B-BDEF9872A583} = {961B8974-9E0D-4F15-BAA5-F12E596CEF48}
		{5D7DD1E0-6679-4D28-838F-CC6CF7A51733} = {B7FCBF5F-9677-46C3-BA83-79A3105B4013}
		{244BC6B4-EBB1-4214-9469-23B2B6395E95} = {6FD58B65-AEB0-48B6-9CCD-8EA7EC955DD1}
		{42B6F506-52C6-4606-BD97-015ACF4AC047} = {15F6FBF5-61E2-432E-88D0-71D964A9C99C}
		{62EBDA55-D059-4689-A4DF-483986660156} = {634AED7F-73A1-40E9-A57D-AD0C760BB5E2}
		{B1FE04FF-A20E-4785-9095-B0D4E8F39FE0} = {7D668196-021A-4E52-9E90-2CF99C618133}
		{811EDD29-92F5-4BD4-B949-96240707CC90} = {C465B6EE-AA52-440A-9880-8BB85E19C269}
		{2ABA8166-B056-4DDC-B3AF-F15353F23E48} = {1EC60EB0-240D-4168-A8F2-5FA37167374B}
		{7D634126-C01C-4233-94ED-462EDD8AF842} = {57751D1B-C26C-4A5D-9D7A-6CF278EE34BF}
		{725BF4C1-3612-4D5F-A7D6-F8628210209F} = {9587E049-720E-4AF7-9027-CFB1720D87B0}
	EndGlobalSection
EndGlobal
